github.com/bxcodec/faker/v3 v3.7.0 h1:qWAFFwcyVS0ukF0UoJju1wBLO0cuPQ7JdVBPggM8kNo=
github.com/bxcodec/faker/v3 v3.7.0/go.mod h1:gF31YgnMSMKgkvl+fyEo1xuSMbEuieyqfeslGYFjneM=
github.com/go-chi/chi/v5 v5.0.7 h1:rDTPXLDHGATaeHvVlLcR4Qe0zftYethFucbjVQ1PxU8=
github.com/go-chi/chi/v5 v5.0.7/go.mod h1:DslCQbL2OYiznFReuXYUmQ2hGd1aDpCnlMNITLSKoi8=
